
Microsoft Visual Studio Solution File, Format Version 12.00
# Visual Studio Version 17
VisualStudioVersion = 17.14.36408.4
MinimumVisualStudioVersion = 10.0.40219.1
Project("{FAE04EC0-301F-11D3-BF4B-00C04F79EFBC}") = "AccuSync.WPF", "AccuSync.WPF\AccuSync.WPF.csproj", "{5730D0D0-4F18-40E4-B556-B5B8713FB6DF}"
EndProject
Project("{FAE04EC0-301F-11D3-BF4B-00C04F79EFBC}") = "AccuSync.Presentation", "AccuSync.Presentation\AccuSync.Presentation.csproj", "{D3B8CB18-C081-4FFC-AE86-75067D816D86}"
EndProject
Project("{FAE04EC0-301F-11D3-BF4B-00C04F79EFBC}") = "AccuSync.Application", "AccuSync.Application\AccuSync.Application.csproj", "{C6354342-89B6-422B-9E3F-D1415F8C7D74}"
EndProject
Project("{FAE04EC0-301F-11D3-BF4B-00C04F79EFBC}") = "AccuSync.EF", "AccuSync.EF\AccuSync.EF.csproj", "{97E13BD9-087D-4B14-A2B8-59B70D61BAB2}"
EndProject
Project("{FAE04EC0-301F-11D3-BF4B-00C04F79EFBC}") = "AccuSync.Core", "AccuSync.Core\AccuSync.Core.csproj", "{E01CF6EC-210F-4FB5-8933-09C22505CBEF}"
EndProject
Project("{FAE04EC0-301F-11D3-BF4B-00C04F79EFBC}") = "AccuSync.Adapters.DataParser", "AccuSync.Adapters.DataParser\AccuSync.Adapters.DataParser.csproj", "{06866E32-4604-497B-967D-A27AA7C6B346}"
EndProject
Project("{2150E333-8FDC-42A3-9474-1A3956D46DE8}") = "Tests", "Tests", "{0AB3BF05-4346-4AA6-1389-037BE0695223}"
EndProject
Project("{FAE04EC0-301F-11D3-BF4B-00C04F79EFBC}") = "AccuSync.Application.Tests", "Tests\AccuSync.Application\AccuSync.Application.Tests.csproj", "{BA525F16-4EFF-451D-8634-494C5B1ECF68}"
EndProject
Project("{FAE04EC0-301F-11D3-BF4B-00C04F79EFBC}") = "AccuSync.EF.Tests", "Tests\AccuSync.EF\AccuSync.EF.Tests.csproj", "{54795925-4538-444A-8BF9-F4ED504190B9}"
EndProject
Project("{FAE04EC0-301F-11D3-BF4B-00C04F79EFBC}") = "AccuSync.Presentation.Tests", "Tests\AccuSync.Presentation\AccuSync.Presentation.Tests.csproj", "{EA2A2150-FAD6-4443-80B3-CCCEC1BFBBDF}"
EndProject
Global
	GlobalSection(SolutionConfigurationPlatforms) = preSolution
		Debug|Any CPU = Debug|Any CPU
		Debug|x64 = Debug|x64
		Debug|x86 = Debug|x86
		Release|Any CPU = Release|Any CPU
		Release|x64 = Release|x64
		Release|x86 = Release|x86
	EndGlobalSection
	GlobalSection(ProjectConfigurationPlatforms) = postSolution
		{5730D0D0-4F18-40E4-B556-B5B8713FB6DF}.Debug|Any CPU.ActiveCfg = Debug|Any CPU
		{5730D0D0-4F18-40E4-B556-B5B8713FB6DF}.Debug|Any CPU.Build.0 = Debug|Any CPU
		{5730D0D0-4F18-40E4-B556-B5B8713FB6DF}.Debug|x64.ActiveCfg = Debug|Any CPU
		{5730D0D0-4F18-40E4-B556-B5B8713FB6DF}.Debug|x64.Build.0 = Debug|Any CPU
		{5730D0D0-4F18-40E4-B556-B5B8713FB6DF}.Debug|x86.ActiveCfg = Debug|Any CPU
		{5730D0D0-4F18-40E4-B556-B5B8713FB6DF}.Debug|x86.Build.0 = Debug|Any CPU
		{5730D0D0-4F18-40E4-B556-B5B8713FB6DF}.Release|Any CPU.ActiveCfg = Release|Any CPU
		{5730D0D0-4F18-40E4-B556-B5B8713FB6DF}.Release|Any CPU.Build.0 = Release|Any CPU
		{5730D0D0-4F18-40E4-B556-B5B8713FB6DF}.Release|x64.ActiveCfg = Release|Any CPU
		{5730D0D0-4F18-40E4-B556-B5B8713FB6DF}.Release|x64.Build.0 = Release|Any CPU
		{5730D0D0-4F18-40E4-B556-B5B8713FB6DF}.Release|x86.ActiveCfg = Release|Any CPU
		{5730D0D0-4F18-40E4-B556-B5B8713FB6DF}.Release|x86.Build.0 = Release|Any CPU
		{D3B8CB18-C081-4FFC-AE86-75067D816D86}.Debug|Any CPU.ActiveCfg = Debug|Any CPU
		{D3B8CB18-C081-4FFC-AE86-75067D816D86}.Debug|Any CPU.Build.0 = Debug|Any CPU
		{D3B8CB18-C081-4FFC-AE86-75067D816D86}.Debug|x64.ActiveCfg = Debug|Any CPU
		{D3B8CB18-C081-4FFC-AE86-75067D816D86}.Debug|x64.Build.0 = Debug|Any CPU
		{D3B8CB18-C081-4FFC-AE86-75067D816D86}.Debug|x86.ActiveCfg = Debug|Any CPU
		{D3B8CB18-C081-4FFC-AE86-75067D816D86}.Debug|x86.Build.0 = Debug|Any CPU
		{D3B8CB18-C081-4FFC-AE86-75067D816D86}.Release|Any CPU.ActiveCfg = Release|Any CPU
		{D3B8CB18-C081-4FFC-AE86-75067D816D86}.Release|Any CPU.Build.0 = Release|Any CPU
		{D3B8CB18-C081-4FFC-AE86-75067D816D86}.Release|x64.ActiveCfg = Release|Any CPU
		{D3B8CB18-C081-4FFC-AE86-75067D816D86}.Release|x64.Build.0 = Release|Any CPU
		{D3B8CB18-C081-4FFC-AE86-75067D816D86}.Release|x86.ActiveCfg = Release|Any CPU
		{D3B8CB18-C081-4FFC-AE86-75067D816D86}.Release|x86.Build.0 = Release|Any CPU
		{C6354342-89B6-422B-9E3F-D1415F8C7D74}.Debug|Any CPU.ActiveCfg = Debug|Any CPU
		{C6354342-89B6-422B-9E3F-D1415F8C7D74}.Debug|Any CPU.Build.0 = Debug|Any CPU
		{C6354342-89B6-422B-9E3F-D1415F8C7D74}.Debug|x64.ActiveCfg = Debug|Any CPU
		{C6354342-89B6-422B-9E3F-D1415F8C7D74}.Debug|x64.Build.0 = Debug|Any CPU
		{C6354342-89B6-422B-9E3F-D1415F8C7D74}.Debug|x86.ActiveCfg = Debug|Any CPU
		{C6354342-89B6-422B-9E3F-D1415F8C7D74}.Debug|x86.Build.0 = Debug|Any CPU
		{C6354342-89B6-422B-9E3F-D1415F8C7D74}.Release|Any CPU.ActiveCfg = Release|Any CPU
		{C6354342-89B6-422B-9E3F-D1415F8C7D74}.Release|Any CPU.Build.0 = Release|Any CPU
		{C6354342-89B6-422B-9E3F-D1415F8C7D74}.Release|x64.ActiveCfg = Release|Any CPU
		{C6354342-89B6-422B-9E3F-D1415F8C7D74}.Release|x64.Build.0 = Release|Any CPU
		{C6354342-89B6-422B-9E3F-D1415F8C7D74}.Release|x86.ActiveCfg = Release|Any CPU
		{C6354342-89B6-422B-9E3F-D1415F8C7D74}.Release|x86.Build.0 = Release|Any CPU
		{97E13BD9-087D-4B14-A2B8-59B70D61BAB2}.Debug|Any CPU.ActiveCfg = Debug|Any CPU
		{97E13BD9-087D-4B14-A2B8-59B70D61BAB2}.Debug|Any CPU.Build.0 = Debug|Any CPU
		{97E13BD9-087D-4B14-A2B8-59B70D61BAB2}.Debug|x64.ActiveCfg = Debug|Any CPU
		{97E13BD9-087D-4B14-A2B8-59B70D61BAB2}.Debug|x64.Build.0 = Debug|Any CPU
		{97E13BD9-087D-4B14-A2B8-59B70D61BAB2}.Debug|x86.ActiveCfg = Debug|Any CPU
		{97E13BD9-087D-4B14-A2B8-59B70D61BAB2}.Debug|x86.Build.0 = Debug|Any CPU
		{97E13BD9-087D-4B14-A2B8-59B70D61BAB2}.Release|Any CPU.ActiveCfg = Release|Any CPU
		{97E13BD9-087D-4B14-A2B8-59B70D61BAB2}.Release|Any CPU.Build.0 = Release|Any CPU
		{97E13BD9-087D-4B14-A2B8-59B70D61BAB2}.Release|x64.ActiveCfg = Release|Any CPU
		{97E13BD9-087D-4B14-A2B8-59B70D61BAB2}.Release|x64.Build.0 = Release|Any CPU
		{97E13BD9-087D-4B14-A2B8-59B70D61BAB2}.Release|x86.ActiveCfg = Release|Any CPU
		{97E13BD9-087D-4B14-A2B8-59B70D61BAB2}.Release|x86.Build.0 = Release|Any CPU
		{E01CF6EC-210F-4FB5-8933-09C22505CBEF}.Debug|Any CPU.ActiveCfg = Debug|Any CPU
		{E01CF6EC-210F-4FB5-8933-09C22505CBEF}.Debug|Any CPU.Build.0 = Debug|Any CPU
		{E01CF6EC-210F-4FB5-8933-09C22505CBEF}.Debug|x64.ActiveCfg = Debug|Any CPU
		{E01CF6EC-210F-4FB5-8933-09C22505CBEF}.Debug|x64.Build.0 = Debug|Any CPU
		{E01CF6EC-210F-4FB5-8933-09C22505CBEF}.Debug|x86.ActiveCfg = Debug|Any CPU
		{E01CF6EC-210F-4FB5-8933-09C22505CBEF}.Debug|x86.Build.0 = Debug|Any CPU
		{E01CF6EC-210F-4FB5-8933-09C22505CBEF}.Release|Any CPU.ActiveCfg = Release|Any CPU
		{E01CF6EC-210F-4FB5-8933-09C22505CBEF}.Release|Any CPU.Build.0 = Release|Any CPU
		{E01CF6EC-210F-4FB5-8933-09C22505CBEF}.Release|x64.ActiveCfg = Release|Any CPU
		{E01CF6EC-210F-4FB5-8933-09C22505CBEF}.Release|x64.Build.0 = Release|Any CPU
		{E01CF6EC-210F-4FB5-8933-09C22505CBEF}.Release|x86.ActiveCfg = Release|Any CPU
		{E01CF6EC-210F-4FB5-8933-09C22505CBEF}.Release|x86.Build.0 = Release|Any CPU
		{06866E32-4604-497B-967D-A27AA7C6B346}.Debug|Any CPU.ActiveCfg = Debug|Any CPU
		{06866E32-4604-497B-967D-A27AA7C6B346}.Debug|Any CPU.Build.0 = Debug|Any CPU
		{06866E32-4604-497B-967D-A27AA7C6B346}.Debug|x64.ActiveCfg = Debug|Any CPU
		{06866E32-4604-497B-967D-A27AA7C6B346}.Debug|x64.Build.0 = Debug|Any CPU
		{06866E32-4604-497B-967D-A27AA7C6B346}.Debug|x86.ActiveCfg = Debug|Any CPU
		{06866E32-4604-497B-967D-A27AA7C6B346}.Debug|x86.Build.0 = Debug|Any CPU
		{06866E32-4604-497B-967D-A27AA7C6B346}.Release|Any CPU.ActiveCfg = Release|Any CPU
		{06866E32-4604-497B-967D-A27AA7C6B346}.Release|Any CPU.Build.0 = Release|Any CPU
		{06866E32-4604-497B-967D-A27AA7C6B346}.Release|x64.ActiveCfg = Release|Any CPU
		{06866E32-4604-497B-967D-A27AA7C6B346}.Release|x64.Build.0 = Release|Any CPU
		{06866E32-4604-497B-967D-A27AA7C6B346}.Release|x86.ActiveCfg = Release|Any CPU
		{06866E32-4604-497B-967D-A27AA7C6B346}.Release|x86.Build.0 = Release|Any CPU
		{BA525F16-4EFF-451D-8634-494C5B1ECF68}.Debug|Any CPU.ActiveCfg = Debug|Any CPU
		{BA525F16-4EFF-451D-8634-494C5B1ECF68}.Debug|Any CPU.Build.0 = Debug|Any CPU
		{BA525F16-4EFF-451D-8634-494C5B1ECF68}.Debug|x64.ActiveCfg = Debug|Any CPU
		{BA525F16-4EFF-451D-8634-494C5B1ECF68}.Debug|x64.Build.0 = Debug|Any CPU
		{BA525F16-4EFF-451D-8634-494C5B1ECF68}.Debug|x86.ActiveCfg = Debug|Any CPU
		{BA525F16-4EFF-451D-8634-494C5B1ECF68}.Debug|x86.Build.0 = Debug|Any CPU
		{BA525F16-4EFF-451D-8634-494C5B1ECF68}.Release|Any CPU.ActiveCfg = Release|Any CPU
		{BA525F16-4EFF-451D-8634-494C5B1ECF68}.Release|Any CPU.Build.0 = Release|Any CPU
		{BA525F16-4EFF-451D-8634-494C5B1ECF68}.Release|x64.ActiveCfg = Release|Any CPU
		{BA525F16-4EFF-451D-8634-494C5B1ECF68}.Release|x64.Build.0 = Release|Any CPU
		{BA525F16-4EFF-451D-8634-494C5B1ECF68}.Release|x86.ActiveCfg = Release|Any CPU
		{BA525F16-4EFF-451D-8634-494C5B1ECF68}.Release|x86.Build.0 = Release|Any CPU
		{54795925-4538-444A-8BF9-F4ED504190B9}.Debug|Any CPU.ActiveCfg = Debug|Any CPU
		{54795925-4538-444A-8BF9-F4ED504190B9}.Debug|Any CPU.Build.0 = Debug|Any CPU
		{54795925-4538-444A-8BF9-F4ED504190B9}.Debug|x64.ActiveCfg = Debug|Any CPU
		{54795925-4538-444A-8BF9-F4ED504190B9}.Debug|x64.Build.0 = Debug|Any CPU
		{54795925-4538-444A-8BF9-F4ED504190B9}.Debug|x86.ActiveCfg = Debug|Any CPU
		{54795925-4538-444A-8BF9-F4ED504190B9}.Debug|x86.Build.0 = Debug|Any CPU
		{54795925-4538-444A-8BF9-F4ED504190B9}.Release|Any CPU.ActiveCfg = Release|Any CPU
		{54795925-4538-444A-8BF9-F4ED504190B9}.Release|Any CPU.Build.0 = Release|Any CPU
		{54795925-4538-444A-8BF9-F4ED504190B9}.Release|x64.ActiveCfg = Release|Any CPU
		{54795925-4538-444A-8BF9-F4ED504190B9}.Release|x64.Build.0 = Release|Any CPU
		{54795925-4538-444A-8BF9-F4ED504190B9}.Release|x86.ActiveCfg = Release|Any CPU
		{54795925-4538-444A-8BF9-F4ED504190B9}.Release|x86.Build.0 = Release|Any CPU
		{EA2A2150-FAD6-4443-80B3-CCCEC1BFBBDF}.Debug|Any CPU.ActiveCfg = Debug|Any CPU
		{EA2A2150-FAD6-4443-80B3-CCCEC1BFBBDF}.Debug|Any CPU.Build.0 = Debug|Any CPU
		{EA2A2150-FAD6-4443-80B3-CCCEC1BFBBDF}.Debug|x64.ActiveCfg = Debug|Any CPU
		{EA2A2150-FAD6-4443-80B3-CCCEC1BFBBDF}.Debug|x64.Build.0 = Debug|Any CPU
		{EA2A2150-FAD6-4443-80B3-CCCEC1BFBBDF}.Debug|x86.ActiveCfg = Debug|Any CPU
		{EA2A2150-FAD6-4443-80B3-CCCEC1BFBBDF}.Debug|x86.Build.0 = Debug|Any CPU
		{EA2A2150-FAD6-4443-80B3-CCCEC1BFBBDF}.Release|Any CPU.ActiveCfg = Release|Any CPU
		{EA2A2150-FAD6-4443-80B3-CCCEC1BFBBDF}.Release|Any CPU.Build.0 = Release|Any CPU
		{EA2A2150-FAD6-4443-80B3-CCCEC1BFBBDF}.Release|x64.ActiveCfg = Release|Any CPU
		{EA2A2150-FAD6-4443-80B3-CCCEC1BFBBDF}.Release|x64.Build.0 = Release|Any CPU
		{EA2A2150-FAD6-4443-80B3-CCCEC1BFBBDF}.Release|x86.ActiveCfg = Release|Any CPU
		{EA2A2150-FAD6-4443-80B3-CCCEC1BFBBDF}.Release|x86.Build.0 = Release|Any CPU
	EndGlobalSection
	GlobalSection(SolutionProperties) = preSolution
		HideSolutionNode = FALSE
	EndGlobalSection
	GlobalSection(NestedProjects) = preSolution
		{BA525F16-4EFF-451D-8634-494C5B1ECF68} = {0AB3BF05-4346-4AA6-1389-037BE0695223}
		{54795925-4538-444A-8BF9-F4ED504190B9} = {0AB3BF05-4346-4AA6-1389-037BE0695223}
		{EA2A2150-FAD6-4443-80B3-CCCEC1BFBBDF} = {0AB3BF05-4346-4AA6-1389-037BE0695223}
	EndGlobalSection
	GlobalSection(ExtensibilityGlobals) = postSolution
		SolutionGuid = {1FF280B0-D1C9-40AD-9924-287059921C95}
	EndGlobalSection
EndGlobal
