
Microsoft Visual Studio Solution File, Format Version 12.00
# Visual Studio Version 17
VisualStudioVersion = 17.14.36408.4
MinimumVisualStudioVersion = 10.0.40219.1
Project("{FAE04EC0-301F-11D3-BF4B-00C04F79EFBC}") = "AccuSync.WPF", "AccuSync.WPF\AccuSync.WPF.csproj", "{5730D0D0-4F18-40E4-B556-B5B8713FB6DF}"
EndProject
Project("{FAE04EC0-301F-11D3-BF4B-00C04F79EFBC}") = "AccuSync", "AccuSync\AccuSync.csproj", "{9DD84123-4ABC-49A0-A47C-D59AD744DAE7}"
EndProject
Global
	GlobalSection(SolutionConfigurationPlatforms) = preSolution
		Debug|Any CPU = Debug|Any CPU
		Debug|x64 = Debug|x64
		Debug|x86 = Debug|x86
		Release|Any CPU = Release|Any CPU
		Release|x64 = Release|x64
		Release|x86 = Release|x86
	EndGlobalSection
	GlobalSection(ProjectConfigurationPlatforms) = postSolution
		{5730D0D0-4F18-40E4-B556-B5B8713FB6DF}.Debug|Any CPU.ActiveCfg = Debug|Any CPU
		{5730D0D0-4F18-40E4-B556-B5B8713FB6DF}.Debug|Any CPU.Build.0 = Debug|Any CPU
		{5730D0D0-4F18-40E4-B556-B5B8713FB6DF}.Debug|x64.ActiveCfg = Debug|Any CPU
		{5730D0D0-4F18-40E4-B556-B5B8713FB6DF}.Debug|x64.Build.0 = Debug|Any CPU
		{5730D0D0-4F18-40E4-B556-B5B8713FB6DF}.Debug|x86.ActiveCfg = Debug|Any CPU
		{5730D0D0-4F18-40E4-B556-B5B8713FB6DF}.Debug|x86.Build.0 = Debug|Any CPU
		{5730D0D0-4F18-40E4-B556-B5B8713FB6DF}.Release|Any CPU.ActiveCfg = Release|Any CPU
		{5730D0D0-4F18-40E4-B556-B5B8713FB6DF}.Release|Any CPU.Build.0 = Release|Any CPU
		{5730D0D0-4F18-40E4-B556-B5B8713FB6DF}.Release|x64.ActiveCfg = Release|Any CPU
		{5730D0D0-4F18-40E4-B556-B5B8713FB6DF}.Release|x64.Build.0 = Release|Any CPU
		{5730D0D0-4F18-40E4-B556-B5B8713FB6DF}.Release|x86.ActiveCfg = Release|Any CPU
		{5730D0D0-4F18-40E4-B556-B5B8713FB6DF}.Release|x86.Build.0 = Release|Any CPU
		{9DD84123-4ABC-49A0-A47C-D59AD744DAE7}.Debug|Any CPU.ActiveCfg = Debug|Any CPU
		{9DD84123-4ABC-49A0-A47C-D59AD744DAE7}.Debug|Any CPU.Build.0 = Debug|Any CPU
		{9DD84123-4ABC-49A0-A47C-D59AD744DAE7}.Debug|x64.ActiveCfg = Debug|Any CPU
		{9DD84123-4ABC-49A0-A47C-D59AD744DAE7}.Debug|x64.Build.0 = Debug|Any CPU
		{9DD84123-4ABC-49A0-A47C-D59AD744DAE7}.Debug|x86.ActiveCfg = Debug|Any CPU
		{9DD84123-4ABC-49A0-A47C-D59AD744DAE7}.Debug|x86.Build.0 = Debug|Any CPU
		{9DD84123-4ABC-49A0-A47C-D59AD744DAE7}.Release|Any CPU.ActiveCfg = Release|Any CPU
		{9DD84123-4ABC-49A0-A47C-D59AD744DAE7}.Release|Any CPU.Build.0 = Release|Any CPU
		{9DD84123-4ABC-49A0-A47C-D59AD744DAE7}.Release|x64.ActiveCfg = Release|Any CPU
		{9DD84123-4ABC-49A0-A47C-D59AD744DAE7}.Release|x64.Build.0 = Release|Any CPU
		{9DD84123-4ABC-49A0-A47C-D59AD744DAE7}.Release|x86.ActiveCfg = Release|Any CPU
		{9DD84123-4ABC-49A0-A47C-D59AD744DAE7}.Release|x86.Build.0 = Release|Any CPU
	EndGlobalSection
	GlobalSection(SolutionProperties) = preSolution
		HideSolutionNode = FALSE
	EndGlobalSection
	GlobalSection(ExtensibilityGlobals) = postSolution
		SolutionGuid = {1FF280B0-D1C9-40AD-9924-287059921C95}
	EndGlobalSection
EndGlobal
